// !$*UTF8*$!
{
	archiveVersion = 1;
	classes = {
	};
	objectVersion = 51;
	objects = {

/* Begin PBXBuildFile section */
		089A0DAB6BDEEF0CC1DA92F5 /* Pods_ArtScreen.framework in Frameworks */ = {isa = PBXBuildFile; fileRef = 4A7B1EA689EC1495025EBE9E /* Pods_ArtScreen.framework */; };
		B000D08F24CE959D00DE9D71 /* ProfileViewModel.swift in Sources */ = {isa = PBXBuildFile; fileRef = B000D08E24CE959D00DE9D71 /* ProfileViewModel.swift */; };
		B000D09124CEBBD500DE9D71 /* SearchController.swift in Sources */ = {isa = PBXBuildFile; fileRef = B000D09024CEBBD500DE9D71 /* SearchController.swift */; };
		B000D09324CEC2AE00DE9D71 /* EditToolBarView.swift in Sources */ = {isa = PBXBuildFile; fileRef = B000D09224CEC2AE00DE9D71 /* EditToolBarView.swift */; };
		B002946D24D11761004C19BA /* UserExhibitionView.swift in Sources */ = {isa = PBXBuildFile; fileRef = B002946C24D11761004C19BA /* UserExhibitionView.swift */; };
		B04D73CB24D599C500B3B990 /* AddArtworkInputView.swift in Sources */ = {isa = PBXBuildFile; fileRef = B04D73CA24D599C500B3B990 /* AddArtworkInputView.swift */; };
		B04D73CD24D59F7B00B3B990 /* AddArtworkInputViewCell.swift in Sources */ = {isa = PBXBuildFile; fileRef = B04D73CC24D59F7B00B3B990 /* AddArtworkInputViewCell.swift */; };
		B06AB43924D2CFDF0001FD4F /* AddArtworkController.swift in Sources */ = {isa = PBXBuildFile; fileRef = B06AB43824D2CFDF0001FD4F /* AddArtworkController.swift */; };
		B06AB43C24D2D0A10001FD4F /* AlbumView.swift in Sources */ = {isa = PBXBuildFile; fileRef = B06AB43B24D2D0A10001FD4F /* AlbumView.swift */; };
		B06AB43E24D2D0B10001FD4F /* CameraView.swift in Sources */ = {isa = PBXBuildFile; fileRef = B06AB43D24D2D0B10001FD4F /* CameraView.swift */; };
		B06AB44024D2D1AA0001FD4F /* MyHeaderFooterCollectionView.swift in Sources */ = {isa = PBXBuildFile; fileRef = B06AB43F24D2D1AA0001FD4F /* MyHeaderFooterCollectionView.swift */; };
		B06AB44224D2D2580001FD4F /* AlertUtilities.swift in Sources */ = {isa = PBXBuildFile; fileRef = B06AB44124D2D2580001FD4F /* AlertUtilities.swift */; };
		B06AB44424D2D2A40001FD4F /* AnimateController.swift in Sources */ = {isa = PBXBuildFile; fileRef = B06AB44324D2D2A40001FD4F /* AnimateController.swift */; };
		B06AB44624D2D2C10001FD4F /* DefaultController.swift in Sources */ = {isa = PBXBuildFile; fileRef = B06AB44524D2D2C10001FD4F /* DefaultController.swift */; };
		B06AB44A24D2D56A0001FD4F /* ConfirmImageController.swift in Sources */ = {isa = PBXBuildFile; fileRef = B06AB44924D2D56A0001FD4F /* ConfirmImageController.swift */; };
		B0A13D5824C0681D00633D30 /* ProfileMainController.swift in Sources */ = {isa = PBXBuildFile; fileRef = B0A13D5724C0681D00633D30 /* ProfileMainController.swift */; };
		B0A13D5A24C0702000633D30 /* UserCoverView.swift in Sources */ = {isa = PBXBuildFile; fileRef = B0A13D5924C0702000633D30 /* UserCoverView.swift */; };
		B0A13D5D24C0748400633D30 /* UserInfoView.swift in Sources */ = {isa = PBXBuildFile; fileRef = B0A13D5C24C0748400633D30 /* UserInfoView.swift */; };
		B0A8D0AB24C54EC700A4127F /* ArtworkCell.swift in Sources */ = {isa = PBXBuildFile; fileRef = B0A8D0AA24C54EC700A4127F /* ArtworkCell.swift */; };
		B0A8D0AF24C55B1E00A4127F /* ExhibitionCell.swift in Sources */ = {isa = PBXBuildFile; fileRef = B0A8D0AE24C55B1D00A4127F /* ExhibitionCell.swift */; };
		B0A8D0B124C55B6E00A4127F /* FilterView.swift in Sources */ = {isa = PBXBuildFile; fileRef = B0A8D0B024C55B6E00A4127F /* FilterView.swift */; };
		B0A8D0B624C55C8E00A4127F /* FilterViewModel.swift in Sources */ = {isa = PBXBuildFile; fileRef = B0A8D0B524C55C8E00A4127F /* FilterViewModel.swift */; };
		B0A8D0BA24C55D8F00A4127F /* FilterViewCell.swift in Sources */ = {isa = PBXBuildFile; fileRef = B0A8D0B924C55D8F00A4127F /* FilterViewCell.swift */; };
		B0A8D0DF24C5BA8400A4127F /* GoogleService-Info.plist in Resources */ = {isa = PBXBuildFile; fileRef = B0A8D0DE24C5BA8400A4127F /* GoogleService-Info.plist */; };
		B0AC025724C98A0E00790868 /* RegistrationViewModel.swift in Sources */ = {isa = PBXBuildFile; fileRef = B0AC025624C98A0E00790868 /* RegistrationViewModel.swift */; };
		B0AE310124D11ACB00F33932 /* UserArtworkView.swift in Sources */ = {isa = PBXBuildFile; fileRef = B0AE310024D11ACB00F33932 /* UserArtworkView.swift */; };
		B0AE310324D1417200F33932 /* SearchCell.swift in Sources */ = {isa = PBXBuildFile; fileRef = B0AE310224D1417200F33932 /* SearchCell.swift */; };
		B0BF970F24D7A54B004FC55C /* ExhibitionSendCell.swift in Sources */ = {isa = PBXBuildFile; fileRef = B0BF970E24D7A54B004FC55C /* ExhibitionSendCell.swift */; };
		B0C0754524CEE60E007CD390 /* EditToolBarCell.swift in Sources */ = {isa = PBXBuildFile; fileRef = B0C0754424CEE60E007CD390 /* EditToolBarCell.swift */; };
		B0C0754724CEE7CA007CD390 /* ToolBarViewModel.swift in Sources */ = {isa = PBXBuildFile; fileRef = B0C0754624CEE7CA007CD390 /* ToolBarViewModel.swift */; };
		B0D8B60524D2A34000287CB4 /* SearchHeader.swift in Sources */ = {isa = PBXBuildFile; fileRef = B0D8B60424D2A34000287CB4 /* SearchHeader.swift */; };
		B0DC78C624C5C73B00636A15 /* User.swift in Sources */ = {isa = PBXBuildFile; fileRef = B0DC78C524C5C73B00636A15 /* User.swift */; };
		B0DC78C924C5C88100636A15 /* AuthService.swift in Sources */ = {isa = PBXBuildFile; fileRef = B0DC78C824C5C88100636A15 /* AuthService.swift */; };
		B0DC78CB24C5CAB800636A15 /* LoginViewModel.swift in Sources */ = {isa = PBXBuildFile; fileRef = B0DC78CA24C5CAB800636A15 /* LoginViewModel.swift */; };
		B0DC78CF24C5CE2200636A15 /* UserService.swift in Sources */ = {isa = PBXBuildFile; fileRef = B0DC78CE24C5CE2200636A15 /* UserService.swift */; };
		B0DC78D124C5CE5C00636A15 /* Constants.swift in Sources */ = {isa = PBXBuildFile; fileRef = B0DC78D024C5CE5C00636A15 /* Constants.swift */; };
		B0EE674C24BF270A0069B27D /* MenuController.swift in Sources */ = {isa = PBXBuildFile; fileRef = B0EE674B24BF270A0069B27D /* MenuController.swift */; };
		B0EE674E24BF277A0069B27D /* ContainerController.swift in Sources */ = {isa = PBXBuildFile; fileRef = B0EE674D24BF277A0069B27D /* ContainerController.swift */; };
		B0EE675024BF29A20069B27D /* MenuHeader.swift in Sources */ = {isa = PBXBuildFile; fileRef = B0EE674F24BF29A20069B27D /* MenuHeader.swift */; };
		B0EE675224BF3AB40069B27D /* MenuCell.swift in Sources */ = {isa = PBXBuildFile; fileRef = B0EE675124BF3AB40069B27D /* MenuCell.swift */; };
		B0EE84B824BC1A9D001709BA /* AppDelegate.swift in Sources */ = {isa = PBXBuildFile; fileRef = B0EE84B724BC1A9D001709BA /* AppDelegate.swift */; };
		B0EE84BA24BC1A9D001709BA /* SceneDelegate.swift in Sources */ = {isa = PBXBuildFile; fileRef = B0EE84B924BC1A9D001709BA /* SceneDelegate.swift */; };
		B0EE84BF24BC1A9D001709BA /* Main.storyboard in Resources */ = {isa = PBXBuildFile; fileRef = B0EE84BD24BC1A9D001709BA /* Main.storyboard */; };
		B0EE84C224BC1A9D001709BA /* ArtScreen.xcdatamodeld in Sources */ = {isa = PBXBuildFile; fileRef = B0EE84C024BC1A9D001709BA /* ArtScreen.xcdatamodeld */; };
		B0EE84C424BC1A9E001709BA /* Assets.xcassets in Resources */ = {isa = PBXBuildFile; fileRef = B0EE84C324BC1A9E001709BA /* Assets.xcassets */; };
		B0EE84C724BC1A9E001709BA /* LaunchScreen.storyboard in Resources */ = {isa = PBXBuildFile; fileRef = B0EE84C524BC1A9E001709BA /* LaunchScreen.storyboard */; };
		B0EE84D524BC1B0A001709BA /* MainController.swift in Sources */ = {isa = PBXBuildFile; fileRef = B0EE84D424BC1B0A001709BA /* MainController.swift */; };
		B0EE84D724BC1B4D001709BA /* Extensions.swift in Sources */ = {isa = PBXBuildFile; fileRef = B0EE84D624BC1B4D001709BA /* Extensions.swift */; };
		B0EE84D924BC2298001709BA /* MainExhibitionCell.swift in Sources */ = {isa = PBXBuildFile; fileRef = B0EE84D824BC2298001709BA /* MainExhibitionCell.swift */; };
		B0EE84DB24BC2504001709BA /* MainCollectionHeader.swift in Sources */ = {isa = PBXBuildFile; fileRef = B0EE84DA24BC2504001709BA /* MainCollectionHeader.swift */; };
		B0EE84DD24BC26FE001709BA /* Utilities.swift in Sources */ = {isa = PBXBuildFile; fileRef = B0EE84DC24BC26FE001709BA /* Utilities.swift */; };
		B0EE84E024BC2FC7001709BA /* LoginController.swift in Sources */ = {isa = PBXBuildFile; fileRef = B0EE84DF24BC2FC7001709BA /* LoginController.swift */; };
		B0EE84E224BC2FD8001709BA /* RegistrationController.swift in Sources */ = {isa = PBXBuildFile; fileRef = B0EE84E124BC2FD8001709BA /* RegistrationController.swift */; };
		B0F2BAA924D554F700361B46 /* AddExhibitionController.swift in Sources */ = {isa = PBXBuildFile; fileRef = B0F2BAA824D554F700361B46 /* AddExhibitionController.swift */; };
		B0F2BAAB24D55BA900361B46 /* ExhibitionUploadController.swift in Sources */ = {isa = PBXBuildFile; fileRef = B0F2BAAA24D55BA900361B46 /* ExhibitionUploadController.swift */; };
		B0F2BAB024D55D7600361B46 /* ExhibitionSettingView.swift in Sources */ = {isa = PBXBuildFile; fileRef = B0F2BAAF24D55D7600361B46 /* ExhibitionSettingView.swift */; };
		B0F2BAB424D5616900361B46 /* ExhibitionEditView.swift in Sources */ = {isa = PBXBuildFile; fileRef = B0F2BAB324D5616900361B46 /* ExhibitionEditView.swift */; };
		B0F2BAB624D5632C00361B46 /* UploadVC_CustomView.swift in Sources */ = {isa = PBXBuildFile; fileRef = B0F2BAB524D5632C00361B46 /* UploadVC_CustomView.swift */; };
		B0F2BAB824D5634600361B46 /* User_CustomView.swift in Sources */ = {isa = PBXBuildFile; fileRef = B0F2BAB724D5634600361B46 /* User_CustomView.swift */; };
		B0F2BABA24D5638700361B46 /* ExhibitionSendView.swift in Sources */ = {isa = PBXBuildFile; fileRef = B0F2BAB924D5638700361B46 /* ExhibitionSendView.swift */; };
		B0F6310D24C405BC0096B04D /* UserContentView.swift in Sources */ = {isa = PBXBuildFile; fileRef = B0F6310C24C405BC0096B04D /* UserContentView.swift */; };
/* End PBXBuildFile section */

/* Begin PBXFileReference section */
		4431CC07C5C74F6182FCF809 /* Pods-ArtScreen.debug.xcconfig */ = {isa = PBXFileReference; includeInIndex = 1; lastKnownFileType = text.xcconfig; name = "Pods-ArtScreen.debug.xcconfig"; path = "Target Support Files/Pods-ArtScreen/Pods-ArtScreen.debug.xcconfig"; sourceTree = "<group>"; };
		4A7B1EA689EC1495025EBE9E /* Pods_ArtScreen.framework */ = {isa = PBXFileReference; explicitFileType = wrapper.framework; includeInIndex = 0; path = Pods_ArtScreen.framework; sourceTree = BUILT_PRODUCTS_DIR; };
		838E9F3813961616C9602E7D /* Pods-ArtScreen.release.xcconfig */ = {isa = PBXFileReference; includeInIndex = 1; lastKnownFileType = text.xcconfig; name = "Pods-ArtScreen.release.xcconfig"; path = "Target Support Files/Pods-ArtScreen/Pods-ArtScreen.release.xcconfig"; sourceTree = "<group>"; };
		B000D08E24CE959D00DE9D71 /* ProfileViewModel.swift */ = {isa = PBXFileReference; lastKnownFileType = sourcecode.swift; path = ProfileViewModel.swift; sourceTree = "<group>"; };
		B000D09024CEBBD500DE9D71 /* SearchController.swift */ = {isa = PBXFileReference; lastKnownFileType = sourcecode.swift; path = SearchController.swift; sourceTree = "<group>"; };
		B000D09224CEC2AE00DE9D71 /* EditToolBarView.swift */ = {isa = PBXFileReference; lastKnownFileType = sourcecode.swift; path = EditToolBarView.swift; sourceTree = "<group>"; };
		B002946C24D11761004C19BA /* UserExhibitionView.swift */ = {isa = PBXFileReference; lastKnownFileType = sourcecode.swift; path = UserExhibitionView.swift; sourceTree = "<group>"; };
		B04D73CA24D599C500B3B990 /* AddArtworkInputView.swift */ = {isa = PBXFileReference; lastKnownFileType = sourcecode.swift; path = AddArtworkInputView.swift; sourceTree = "<group>"; };
		B04D73CC24D59F7B00B3B990 /* AddArtworkInputViewCell.swift */ = {isa = PBXFileReference; lastKnownFileType = sourcecode.swift; path = AddArtworkInputViewCell.swift; sourceTree = "<group>"; };
		B06AB43824D2CFDF0001FD4F /* AddArtworkController.swift */ = {isa = PBXFileReference; lastKnownFileType = sourcecode.swift; path = AddArtworkController.swift; sourceTree = "<group>"; };
		B06AB43B24D2D0A10001FD4F /* AlbumView.swift */ = {isa = PBXFileReference; lastKnownFileType = sourcecode.swift; path = AlbumView.swift; sourceTree = "<group>"; };
		B06AB43D24D2D0B10001FD4F /* CameraView.swift */ = {isa = PBXFileReference; lastKnownFileType = sourcecode.swift; path = CameraView.swift; sourceTree = "<group>"; };
		B06AB43F24D2D1AA0001FD4F /* MyHeaderFooterCollectionView.swift */ = {isa = PBXFileReference; lastKnownFileType = sourcecode.swift; path = MyHeaderFooterCollectionView.swift; sourceTree = "<group>"; };
		B06AB44124D2D2580001FD4F /* AlertUtilities.swift */ = {isa = PBXFileReference; lastKnownFileType = sourcecode.swift; path = AlertUtilities.swift; sourceTree = "<group>"; };
		B06AB44324D2D2A40001FD4F /* AnimateController.swift */ = {isa = PBXFileReference; lastKnownFileType = sourcecode.swift; path = AnimateController.swift; sourceTree = "<group>"; };
		B06AB44524D2D2C10001FD4F /* DefaultController.swift */ = {isa = PBXFileReference; lastKnownFileType = sourcecode.swift; path = DefaultController.swift; sourceTree = "<group>"; };
		B06AB44924D2D56A0001FD4F /* ConfirmImageController.swift */ = {isa = PBXFileReference; lastKnownFileType = sourcecode.swift; path = ConfirmImageController.swift; sourceTree = "<group>"; };
		B0A13D5724C0681D00633D30 /* ProfileMainController.swift */ = {isa = PBXFileReference; lastKnownFileType = sourcecode.swift; path = ProfileMainController.swift; sourceTree = "<group>"; };
		B0A13D5924C0702000633D30 /* UserCoverView.swift */ = {isa = PBXFileReference; lastKnownFileType = sourcecode.swift; path = UserCoverView.swift; sourceTree = "<group>"; };
		B0A13D5C24C0748400633D30 /* UserInfoView.swift */ = {isa = PBXFileReference; lastKnownFileType = sourcecode.swift; path = UserInfoView.swift; sourceTree = "<group>"; };
		B0A8D0AA24C54EC700A4127F /* ArtworkCell.swift */ = {isa = PBXFileReference; lastKnownFileType = sourcecode.swift; path = ArtworkCell.swift; sourceTree = "<group>"; };
		B0A8D0AE24C55B1D00A4127F /* ExhibitionCell.swift */ = {isa = PBXFileReference; lastKnownFileType = sourcecode.swift; path = ExhibitionCell.swift; sourceTree = "<group>"; };
		B0A8D0B024C55B6E00A4127F /* FilterView.swift */ = {isa = PBXFileReference; lastKnownFileType = sourcecode.swift; path = FilterView.swift; sourceTree = "<group>"; };
		B0A8D0B524C55C8E00A4127F /* FilterViewModel.swift */ = {isa = PBXFileReference; lastKnownFileType = sourcecode.swift; path = FilterViewModel.swift; sourceTree = "<group>"; };
		B0A8D0B924C55D8F00A4127F /* FilterViewCell.swift */ = {isa = PBXFileReference; lastKnownFileType = sourcecode.swift; path = FilterViewCell.swift; sourceTree = "<group>"; };
		B0A8D0DE24C5BA8400A4127F /* GoogleService-Info.plist */ = {isa = PBXFileReference; fileEncoding = 4; lastKnownFileType = text.plist.xml; path = "GoogleService-Info.plist"; sourceTree = "<group>"; };
		B0AC025624C98A0E00790868 /* RegistrationViewModel.swift */ = {isa = PBXFileReference; lastKnownFileType = sourcecode.swift; path = RegistrationViewModel.swift; sourceTree = "<group>"; };
		B0AE310024D11ACB00F33932 /* UserArtworkView.swift */ = {isa = PBXFileReference; lastKnownFileType = sourcecode.swift; path = UserArtworkView.swift; sourceTree = "<group>"; };
		B0AE310224D1417200F33932 /* SearchCell.swift */ = {isa = PBXFileReference; lastKnownFileType = sourcecode.swift; path = SearchCell.swift; sourceTree = "<group>"; };
		B0BF970E24D7A54B004FC55C /* ExhibitionSendCell.swift */ = {isa = PBXFileReference; lastKnownFileType = sourcecode.swift; path = ExhibitionSendCell.swift; sourceTree = "<group>"; };
		B0C0754424CEE60E007CD390 /* EditToolBarCell.swift */ = {isa = PBXFileReference; lastKnownFileType = sourcecode.swift; path = EditToolBarCell.swift; sourceTree = "<group>"; };
		B0C0754624CEE7CA007CD390 /* ToolBarViewModel.swift */ = {isa = PBXFileReference; lastKnownFileType = sourcecode.swift; path = ToolBarViewModel.swift; sourceTree = "<group>"; };
		B0D8B60424D2A34000287CB4 /* SearchHeader.swift */ = {isa = PBXFileReference; lastKnownFileType = sourcecode.swift; path = SearchHeader.swift; sourceTree = "<group>"; };
		B0DC78C524C5C73B00636A15 /* User.swift */ = {isa = PBXFileReference; lastKnownFileType = sourcecode.swift; path = User.swift; sourceTree = "<group>"; };
		B0DC78C824C5C88100636A15 /* AuthService.swift */ = {isa = PBXFileReference; lastKnownFileType = sourcecode.swift; path = AuthService.swift; sourceTree = "<group>"; };
		B0DC78CA24C5CAB800636A15 /* LoginViewModel.swift */ = {isa = PBXFileReference; lastKnownFileType = sourcecode.swift; path = LoginViewModel.swift; sourceTree = "<group>"; };
		B0DC78CE24C5CE2200636A15 /* UserService.swift */ = {isa = PBXFileReference; lastKnownFileType = sourcecode.swift; path = UserService.swift; sourceTree = "<group>"; };
		B0DC78D024C5CE5C00636A15 /* Constants.swift */ = {isa = PBXFileReference; lastKnownFileType = sourcecode.swift; path = Constants.swift; sourceTree = "<group>"; };
		B0EE674B24BF270A0069B27D /* MenuController.swift */ = {isa = PBXFileReference; lastKnownFileType = sourcecode.swift; path = MenuController.swift; sourceTree = "<group>"; };
		B0EE674D24BF277A0069B27D /* ContainerController.swift */ = {isa = PBXFileReference; lastKnownFileType = sourcecode.swift; path = ContainerController.swift; sourceTree = "<group>"; };
		B0EE674F24BF29A20069B27D /* MenuHeader.swift */ = {isa = PBXFileReference; lastKnownFileType = sourcecode.swift; path = MenuHeader.swift; sourceTree = "<group>"; };
		B0EE675124BF3AB40069B27D /* MenuCell.swift */ = {isa = PBXFileReference; lastKnownFileType = sourcecode.swift; path = MenuCell.swift; sourceTree = "<group>"; };
		B0EE84B424BC1A9D001709BA /* ArtScreen.app */ = {isa = PBXFileReference; explicitFileType = wrapper.application; includeInIndex = 0; path = ArtScreen.app; sourceTree = BUILT_PRODUCTS_DIR; };
		B0EE84B724BC1A9D001709BA /* AppDelegate.swift */ = {isa = PBXFileReference; lastKnownFileType = sourcecode.swift; path = AppDelegate.swift; sourceTree = "<group>"; };
		B0EE84B924BC1A9D001709BA /* SceneDelegate.swift */ = {isa = PBXFileReference; lastKnownFileType = sourcecode.swift; path = SceneDelegate.swift; sourceTree = "<group>"; };
		B0EE84BE24BC1A9D001709BA /* Base */ = {isa = PBXFileReference; lastKnownFileType = file.storyboard; name = Base; path = Base.lproj/Main.storyboard; sourceTree = "<group>"; };
		B0EE84C124BC1A9D001709BA /* ArtScreen.xcdatamodel */ = {isa = PBXFileReference; lastKnownFileType = wrapper.xcdatamodel; path = ArtScreen.xcdatamodel; sourceTree = "<group>"; };
		B0EE84C324BC1A9E001709BA /* Assets.xcassets */ = {isa = PBXFileReference; lastKnownFileType = folder.assetcatalog; path = Assets.xcassets; sourceTree = "<group>"; };
		B0EE84C624BC1A9E001709BA /* Base */ = {isa = PBXFileReference; lastKnownFileType = file.storyboard; name = Base; path = Base.lproj/LaunchScreen.storyboard; sourceTree = "<group>"; };
		B0EE84C824BC1A9E001709BA /* Info.plist */ = {isa = PBXFileReference; lastKnownFileType = text.plist.xml; path = Info.plist; sourceTree = "<group>"; };
		B0EE84D424BC1B0A001709BA /* MainController.swift */ = {isa = PBXFileReference; lastKnownFileType = sourcecode.swift; path = MainController.swift; sourceTree = "<group>"; };
		B0EE84D624BC1B4D001709BA /* Extensions.swift */ = {isa = PBXFileReference; lastKnownFileType = sourcecode.swift; path = Extensions.swift; sourceTree = "<group>"; };
		B0EE84D824BC2298001709BA /* MainExhibitionCell.swift */ = {isa = PBXFileReference; lastKnownFileType = sourcecode.swift; path = MainExhibitionCell.swift; sourceTree = "<group>"; };
		B0EE84DA24BC2504001709BA /* MainCollectionHeader.swift */ = {isa = PBXFileReference; lastKnownFileType = sourcecode.swift; path = MainCollectionHeader.swift; sourceTree = "<group>"; };
		B0EE84DC24BC26FE001709BA /* Utilities.swift */ = {isa = PBXFileReference; lastKnownFileType = sourcecode.swift; path = Utilities.swift; sourceTree = "<group>"; };
		B0EE84DF24BC2FC7001709BA /* LoginController.swift */ = {isa = PBXFileReference; lastKnownFileType = sourcecode.swift; path = LoginController.swift; sourceTree = "<group>"; };
		B0EE84E124BC2FD8001709BA /* RegistrationController.swift */ = {isa = PBXFileReference; lastKnownFileType = sourcecode.swift; path = RegistrationController.swift; sourceTree = "<group>"; };
		B0F2BAA824D554F700361B46 /* AddExhibitionController.swift */ = {isa = PBXFileReference; lastKnownFileType = sourcecode.swift; path = AddExhibitionController.swift; sourceTree = "<group>"; };
		B0F2BAAA24D55BA900361B46 /* ExhibitionUploadController.swift */ = {isa = PBXFileReference; lastKnownFileType = sourcecode.swift; path = ExhibitionUploadController.swift; sourceTree = "<group>"; };
		B0F2BAAF24D55D7600361B46 /* ExhibitionSettingView.swift */ = {isa = PBXFileReference; lastKnownFileType = sourcecode.swift; path = ExhibitionSettingView.swift; sourceTree = "<group>"; };
		B0F2BAB324D5616900361B46 /* ExhibitionEditView.swift */ = {isa = PBXFileReference; lastKnownFileType = sourcecode.swift; path = ExhibitionEditView.swift; sourceTree = "<group>"; };
		B0F2BAB524D5632C00361B46 /* UploadVC_CustomView.swift */ = {isa = PBXFileReference; lastKnownFileType = sourcecode.swift; path = UploadVC_CustomView.swift; sourceTree = "<group>"; };
		B0F2BAB724D5634600361B46 /* User_CustomView.swift */ = {isa = PBXFileReference; lastKnownFileType = sourcecode.swift; path = User_CustomView.swift; sourceTree = "<group>"; };
		B0F2BAB924D5638700361B46 /* ExhibitionSendView.swift */ = {isa = PBXFileReference; lastKnownFileType = sourcecode.swift; path = ExhibitionSendView.swift; sourceTree = "<group>"; };
		B0F6310C24C405BC0096B04D /* UserContentView.swift */ = {isa = PBXFileReference; lastKnownFileType = sourcecode.swift; path = UserContentView.swift; sourceTree = "<group>"; };
/* End PBXFileReference section */

/* Begin PBXFrameworksBuildPhase section */
		B0EE84B124BC1A9D001709BA /* Frameworks */ = {
			isa = PBXFrameworksBuildPhase;
			buildActionMask = 2147483647;
			files = (
				089A0DAB6BDEEF0CC1DA92F5 /* Pods_ArtScreen.framework in Frameworks */,
			);
			runOnlyForDeploymentPostprocessing = 0;
		};
/* End PBXFrameworksBuildPhase section */

/* Begin PBXGroup section */
		1726E484EAEB1DC2D40434AA /* Pods */ = {
			isa = PBXGroup;
			children = (
				4431CC07C5C74F6182FCF809 /* Pods-ArtScreen.debug.xcconfig */,
				838E9F3813961616C9602E7D /* Pods-ArtScreen.release.xcconfig */,
			);
			path = Pods;
			sourceTree = "<group>";
		};
		8A64AB3C880762F7AC50BA1E /* Frameworks */ = {
			isa = PBXGroup;
			children = (
				4A7B1EA689EC1495025EBE9E /* Pods_ArtScreen.framework */,
			);
			name = Frameworks;
			sourceTree = "<group>";
		};
		B06AB43724D2CEB80001FD4F /* AddArtwork */ = {
			isa = PBXGroup;
			children = (
				B06AB43824D2CFDF0001FD4F /* AddArtworkController.swift */,
				B06AB44524D2D2C10001FD4F /* DefaultController.swift */,
				B06AB44324D2D2A40001FD4F /* AnimateController.swift */,
				B06AB44924D2D56A0001FD4F /* ConfirmImageController.swift */,
			);
			path = AddArtwork;
			sourceTree = "<group>";
		};
		B06AB43A24D2D08E0001FD4F /* AddArtwork */ = {
			isa = PBXGroup;
			children = (
				B06AB43B24D2D0A10001FD4F /* AlbumView.swift */,
				B06AB43F24D2D1AA0001FD4F /* MyHeaderFooterCollectionView.swift */,
				B06AB43D24D2D0B10001FD4F /* CameraView.swift */,
			);
			path = AddArtwork;
			sourceTree = "<group>";
		};
		B0A13D5B24C0708D00633D30 /* UserProfile */ = {
			isa = PBXGroup;
			children = (
				B0A13D5924C0702000633D30 /* UserCoverView.swift */,
				B0F6310C24C405BC0096B04D /* UserContentView.swift */,
				B0A13D5C24C0748400633D30 /* UserInfoView.swift */,
				B000D09224CEC2AE00DE9D71 /* EditToolBarView.swift */,
				B0C0754424CEE60E007CD390 /* EditToolBarCell.swift */,
				B002946C24D11761004C19BA /* UserExhibitionView.swift */,
				B0AE310024D11ACB00F33932 /* UserArtworkView.swift */,
			);
			path = UserProfile;
			sourceTree = "<group>";
		};
		B0A6B13F24C19EB9003D44C3 /* Main&Menu */ = {
			isa = PBXGroup;
			children = (
				B0EE674D24BF277A0069B27D /* ContainerController.swift */,
				B0EE84D424BC1B0A001709BA /* MainController.swift */,
				B0EE674B24BF270A0069B27D /* MenuController.swift */,
			);
			path = "Main&Menu";
			sourceTree = "<group>";
		};
		B0A8D0B424C55C8100A4127F /* ViewModel */ = {
			isa = PBXGroup;
			children = (
				B0DC78CA24C5CAB800636A15 /* LoginViewModel.swift */,
				B0AC025624C98A0E00790868 /* RegistrationViewModel.swift */,
				B000D08E24CE959D00DE9D71 /* ProfileViewModel.swift */,
				B0A8D0B524C55C8E00A4127F /* FilterViewModel.swift */,
				B0C0754624CEE7CA007CD390 /* ToolBarViewModel.swift */,
			);
			path = ViewModel;
			sourceTree = "<group>";
		};
		B0DC78C424C5C72D00636A15 /* Model */ = {
			isa = PBXGroup;
			children = (
				B0DC78C524C5C73B00636A15 /* User.swift */,
			);
			path = Model;
			sourceTree = "<group>";
		};
		B0DC78C724C5C87000636A15 /* API */ = {
			isa = PBXGroup;
			children = (
				B0DC78C824C5C88100636A15 /* AuthService.swift */,
				B0DC78CE24C5CE2200636A15 /* UserService.swift */,
			);
			path = API;
			sourceTree = "<group>";
		};
		B0EE675324BF47290069B27D /* Menu */ = {
			isa = PBXGroup;
			children = (
				B0EE674F24BF29A20069B27D /* MenuHeader.swift */,
				B0EE675124BF3AB40069B27D /* MenuCell.swift */,
			);
			path = Menu;
			sourceTree = "<group>";
		};
		B0EE84AB24BC1A9D001709BA = {
			isa = PBXGroup;
			children = (
				B0EE84B624BC1A9D001709BA /* ArtScreen */,
				B0EE84B524BC1A9D001709BA /* Products */,
				1726E484EAEB1DC2D40434AA /* Pods */,
				8A64AB3C880762F7AC50BA1E /* Frameworks */,
			);
			sourceTree = "<group>";
		};
		B0EE84B524BC1A9D001709BA /* Products */ = {
			isa = PBXGroup;
			children = (
				B0EE84B424BC1A9D001709BA /* ArtScreen.app */,
			);
			name = Products;
			sourceTree = "<group>";
		};
		B0EE84B624BC1A9D001709BA /* ArtScreen */ = {
			isa = PBXGroup;
			children = (
				B0DC78C724C5C87000636A15 /* API */,
				B0DC78C424C5C72D00636A15 /* Model */,
				B0EE84D324BC1AE7001709BA /* Utils */,
				B0EE84D124BC1AE3001709BA /* Controller */,
				B0EE84D024BC1AE1001709BA /* View */,
				B0A8D0B424C55C8100A4127F /* ViewModel */,
				B0EE84B724BC1A9D001709BA /* AppDelegate.swift */,
				B0EE84B924BC1A9D001709BA /* SceneDelegate.swift */,
				B0EE84BD24BC1A9D001709BA /* Main.storyboard */,
				B0EE84C324BC1A9E001709BA /* Assets.xcassets */,
				B0EE84C524BC1A9E001709BA /* LaunchScreen.storyboard */,
				B0EE84C824BC1A9E001709BA /* Info.plist */,
				B0A8D0DE24C5BA8400A4127F /* GoogleService-Info.plist */,
				B0EE84C024BC1A9D001709BA /* ArtScreen.xcdatamodeld */,
			);
			path = ArtScreen;
			sourceTree = "<group>";
		};
		B0EE84D024BC1AE1001709BA /* View */ = {
			isa = PBXGroup;
			children = (
				B0EE675324BF47290069B27D /* Menu */,
				B0A13D5B24C0708D00633D30 /* UserProfile */,
				B06AB43A24D2D08E0001FD4F /* AddArtwork */,
				B0F2BAAE24D55D5C00361B46 /* AddExhibition */,
				B0EE84D824BC2298001709BA /* MainExhibitionCell.swift */,
				B0EE84DA24BC2504001709BA /* MainCollectionHeader.swift */,
				B0A8D0AA24C54EC700A4127F /* ArtworkCell.swift */,
				B0A8D0AE24C55B1D00A4127F /* ExhibitionCell.swift */,
				B0A8D0B024C55B6E00A4127F /* FilterView.swift */,
				B0A8D0B924C55D8F00A4127F /* FilterViewCell.swift */,
				B0AE310224D1417200F33932 /* SearchCell.swift */,
				B0D8B60424D2A34000287CB4 /* SearchHeader.swift */,
			);
			path = View;
			sourceTree = "<group>";
		};
		B0EE84D124BC1AE3001709BA /* Controller */ = {
			isa = PBXGroup;
			children = (
				B0A6B13F24C19EB9003D44C3 /* Main&Menu */,
				B0EE84DE24BC2FBB001709BA /* Auth */,
				B06AB43724D2CEB80001FD4F /* AddArtwork */,
				B0F2BAA724D554D500361B46 /* AddExhibition */,
				B0A13D5724C0681D00633D30 /* ProfileMainController.swift */,
				B000D09024CEBBD500DE9D71 /* SearchController.swift */,
			);
			path = Controller;
			sourceTree = "<group>";
		};
		B0EE84D324BC1AE7001709BA /* Utils */ = {
			isa = PBXGroup;
			children = (
				B0EE84D624BC1B4D001709BA /* Extensions.swift */,
				B0EE84DC24BC26FE001709BA /* Utilities.swift */,
				B0DC78D024C5CE5C00636A15 /* Constants.swift */,
				B06AB44124D2D2580001FD4F /* AlertUtilities.swift */,
				B0F2BAB524D5632C00361B46 /* UploadVC_CustomView.swift */,
				B0F2BAB724D5634600361B46 /* User_CustomView.swift */,
			);
			path = Utils;
			sourceTree = "<group>";
		};
		B0EE84DE24BC2FBB001709BA /* Auth */ = {
			isa = PBXGroup;
			children = (
				B0EE84DF24BC2FC7001709BA /* LoginController.swift */,
				B0EE84E124BC2FD8001709BA /* RegistrationController.swift */,
			);
			path = Auth;
			sourceTree = "<group>";
		};
		B0F2BAA724D554D500361B46 /* AddExhibition */ = {
			isa = PBXGroup;
			children = (
				B0F2BAA824D554F700361B46 /* AddExhibitionController.swift */,
				B0F2BAAA24D55BA900361B46 /* ExhibitionUploadController.swift */,
			);
			path = AddExhibition;
			sourceTree = "<group>";
		};
		B0F2BAAE24D55D5C00361B46 /* AddExhibition */ = {
			isa = PBXGroup;
			children = (
				B0F2BAAF24D55D7600361B46 /* ExhibitionSettingView.swift */,
				B0F2BAB324D5616900361B46 /* ExhibitionEditView.swift */,
				B0F2BAB924D5638700361B46 /* ExhibitionSendView.swift */,
				B0BF970E24D7A54B004FC55C /* ExhibitionSendCell.swift */,
				B04D73CA24D599C500B3B990 /* AddArtworkInputView.swift */,
				B04D73CC24D59F7B00B3B990 /* AddArtworkInputViewCell.swift */,
			);
			path = AddExhibition;
			sourceTree = "<group>";
		};
/* End PBXGroup section */

/* Begin PBXNativeTarget section */
		B0EE84B324BC1A9D001709BA /* ArtScreen */ = {
			isa = PBXNativeTarget;
			buildConfigurationList = B0EE84CB24BC1A9E001709BA /* Build configuration list for PBXNativeTarget "ArtScreen" */;
			buildPhases = (
				BB59FB9052BDEB3B2692F92D /* [CP] Check Pods Manifest.lock */,
				B0EE84B024BC1A9D001709BA /* Sources */,
				B0EE84B124BC1A9D001709BA /* Frameworks */,
				B0EE84B224BC1A9D001709BA /* Resources */,
				46A3EE732D40061969F11C5F /* [CP] Embed Pods Frameworks */,
			);
			buildRules = (
			);
			dependencies = (
			);
			name = ArtScreen;
			productName = ArtScreen;
			productReference = B0EE84B424BC1A9D001709BA /* ArtScreen.app */;
			productType = "com.apple.product-type.application";
		};
/* End PBXNativeTarget section */

/* Begin PBXProject section */
		B0EE84AC24BC1A9D001709BA /* Project object */ = {
			isa = PBXProject;
			attributes = {
				LastSwiftUpdateCheck = 1140;
				LastUpgradeCheck = 1140;
				ORGANIZATIONNAME = Heng;
				TargetAttributes = {
					B0EE84B324BC1A9D001709BA = {
						CreatedOnToolsVersion = 11.4.1;
					};
				};
			};
			buildConfigurationList = B0EE84AF24BC1A9D001709BA /* Build configuration list for PBXProject "ArtScreen" */;
			compatibilityVersion = "Xcode 9.3";
			developmentRegion = en;
			hasScannedForEncodings = 0;
			knownRegions = (
				en,
				Base,
			);
			mainGroup = B0EE84AB24BC1A9D001709BA;
			productRefGroup = B0EE84B524BC1A9D001709BA /* Products */;
			projectDirPath = "";
			projectRoot = "";
			targets = (
				B0EE84B324BC1A9D001709BA /* ArtScreen */,
			);
		};
/* End PBXProject section */

/* Begin PBXResourcesBuildPhase section */
		B0EE84B224BC1A9D001709BA /* Resources */ = {
			isa = PBXResourcesBuildPhase;
			buildActionMask = 2147483647;
			files = (
				B0EE84C724BC1A9E001709BA /* LaunchScreen.storyboard in Resources */,
				B0A8D0DF24C5BA8400A4127F /* GoogleService-Info.plist in Resources */,
				B0EE84C424BC1A9E001709BA /* Assets.xcassets in Resources */,
				B0EE84BF24BC1A9D001709BA /* Main.storyboard in Resources */,
			);
			runOnlyForDeploymentPostprocessing = 0;
		};
/* End PBXResourcesBuildPhase section */

/* Begin PBXShellScriptBuildPhase section */
		46A3EE732D40061969F11C5F /* [CP] Embed Pods Frameworks */ = {
			isa = PBXShellScriptBuildPhase;
			buildActionMask = 2147483647;
			files = (
			);
			inputFileListPaths = (
				"${PODS_ROOT}/Target Support Files/Pods-ArtScreen/Pods-ArtScreen-frameworks-${CONFIGURATION}-input-files.xcfilelist",
			);
			name = "[CP] Embed Pods Frameworks";
			outputFileListPaths = (
				"${PODS_ROOT}/Target Support Files/Pods-ArtScreen/Pods-ArtScreen-frameworks-${CONFIGURATION}-output-files.xcfilelist",
			);
			runOnlyForDeploymentPostprocessing = 0;
			shellPath = /bin/sh;
			shellScript = "\"${PODS_ROOT}/Target Support Files/Pods-ArtScreen/Pods-ArtScreen-frameworks.sh\"\n";
			showEnvVarsInLog = 0;
		};
		BB59FB9052BDEB3B2692F92D /* [CP] Check Pods Manifest.lock */ = {
			isa = PBXShellScriptBuildPhase;
			buildActionMask = 2147483647;
			files = (
			);
			inputFileListPaths = (
			);
			inputPaths = (
				"${PODS_PODFILE_DIR_PATH}/Podfile.lock",
				"${PODS_ROOT}/Manifest.lock",
			);
			name = "[CP] Check Pods Manifest.lock";
			outputFileListPaths = (
			);
			outputPaths = (
				"$(DERIVED_FILE_DIR)/Pods-ArtScreen-checkManifestLockResult.txt",
			);
			runOnlyForDeploymentPostprocessing = 0;
			shellPath = /bin/sh;
			shellScript = "diff \"${PODS_PODFILE_DIR_PATH}/Podfile.lock\" \"${PODS_ROOT}/Manifest.lock\" > /dev/null\nif [ $? != 0 ] ; then\n    # print error to STDERR\n    echo \"error: The sandbox is not in sync with the Podfile.lock. Run 'pod install' or update your CocoaPods installation.\" >&2\n    exit 1\nfi\n# This output is used by Xcode 'outputs' to avoid re-running this script phase.\necho \"SUCCESS\" > \"${SCRIPT_OUTPUT_FILE_0}\"\n";
			showEnvVarsInLog = 0;
		};
/* End PBXShellScriptBuildPhase section */

/* Begin PBXSourcesBuildPhase section */
		B0EE84B024BC1A9D001709BA /* Sources */ = {
			isa = PBXSourcesBuildPhase;
			buildActionMask = 2147483647;
			files = (
				B0BF970F24D7A54B004FC55C /* ExhibitionSendCell.swift in Sources */,
				B0A8D0BA24C55D8F00A4127F /* FilterViewCell.swift in Sources */,
				B0F2BAB624D5632C00361B46 /* UploadVC_CustomView.swift in Sources */,
				B0A8D0B124C55B6E00A4127F /* FilterView.swift in Sources */,
				B06AB44624D2D2C10001FD4F /* DefaultController.swift in Sources */,
				B0EE675224BF3AB40069B27D /* MenuCell.swift in Sources */,
				B0DC78C624C5C73B00636A15 /* User.swift in Sources */,
				B0F6310D24C405BC0096B04D /* UserContentView.swift in Sources */,
				B0DC78D124C5CE5C00636A15 /* Constants.swift in Sources */,
				B0F2BAB424D5616900361B46 /* ExhibitionEditView.swift in Sources */,
				B0C0754724CEE7CA007CD390 /* ToolBarViewModel.swift in Sources */,
				B0A13D5D24C0748400633D30 /* UserInfoView.swift in Sources */,
				B06AB43924D2CFDF0001FD4F /* AddArtworkController.swift in Sources */,
				B06AB43E24D2D0B10001FD4F /* CameraView.swift in Sources */,
				B0AE310324D1417200F33932 /* SearchCell.swift in Sources */,
				B0EE84E224BC2FD8001709BA /* RegistrationController.swift in Sources */,
				B0EE84D724BC1B4D001709BA /* Extensions.swift in Sources */,
				B0F2BAAB24D55BA900361B46 /* ExhibitionUploadController.swift in Sources */,
				B06AB44424D2D2A40001FD4F /* AnimateController.swift in Sources */,
				B0C0754524CEE60E007CD390 /* EditToolBarCell.swift in Sources */,
				B06AB44024D2D1AA0001FD4F /* MyHeaderFooterCollectionView.swift in Sources */,
				B04D73CD24D59F7B00B3B990 /* AddArtworkInputViewCell.swift in Sources */,
				B0DC78CB24C5CAB800636A15 /* LoginViewModel.swift in Sources */,
				B06AB44A24D2D56A0001FD4F /* ConfirmImageController.swift in Sources */,
				B002946D24D11761004C19BA /* UserExhibitionView.swift in Sources */,
				B0D8B60524D2A34000287CB4 /* SearchHeader.swift in Sources */,
				B0EE84D524BC1B0A001709BA /* MainController.swift in Sources */,
				B000D09124CEBBD500DE9D71 /* SearchController.swift in Sources */,
				B0EE84D924BC2298001709BA /* MainExhibitionCell.swift in Sources */,
				B000D08F24CE959D00DE9D71 /* ProfileViewModel.swift in Sources */,
				B0A13D5824C0681D00633D30 /* ProfileMainController.swift in Sources */,
				B0A8D0AF24C55B1E00A4127F /* ExhibitionCell.swift in Sources */,
				B0EE84C224BC1A9D001709BA /* ArtScreen.xcdatamodeld in Sources */,
				B04D73CB24D599C500B3B990 /* AddArtworkInputView.swift in Sources */,
				B0A13D5A24C0702000633D30 /* UserCoverView.swift in Sources */,
				B0F2BAB024D55D7600361B46 /* ExhibitionSettingView.swift in Sources */,
				B0EE675024BF29A20069B27D /* MenuHeader.swift in Sources */,
				B0DC78CF24C5CE2200636A15 /* UserService.swift in Sources */,
				B0EE674C24BF270A0069B27D /* MenuController.swift in Sources */,
				B000D09324CEC2AE00DE9D71 /* EditToolBarView.swift in Sources */,
				B0F2BAB824D5634600361B46 /* User_CustomView.swift in Sources */,
				B0EE84E024BC2FC7001709BA /* LoginController.swift in Sources */,
				B0A8D0B624C55C8E00A4127F /* FilterViewModel.swift in Sources */,
				B0F2BABA24D5638700361B46 /* ExhibitionSendView.swift in Sources */,
				B0EE84B824BC1A9D001709BA /* AppDelegate.swift in Sources */,
				B0F2BAA924D554F700361B46 /* AddExhibitionController.swift in Sources */,
				B06AB44224D2D2580001FD4F /* AlertUtilities.swift in Sources */,
				B0DC78C924C5C88100636A15 /* AuthService.swift in Sources */,
				B0AE310124D11ACB00F33932 /* UserArtworkView.swift in Sources */,
				B0EE84DD24BC26FE001709BA /* Utilities.swift in Sources */,
				B0AC025724C98A0E00790868 /* RegistrationViewModel.swift in Sources */,
				B0EE84BA24BC1A9D001709BA /* SceneDelegate.swift in Sources */,
				B0EE84DB24BC2504001709BA /* MainCollectionHeader.swift in Sources */,
				B0EE674E24BF277A0069B27D /* ContainerController.swift in Sources */,
				B06AB43C24D2D0A10001FD4F /* AlbumView.swift in Sources */,
				B0A8D0AB24C54EC700A4127F /* ArtworkCell.swift in Sources */,
			);
			runOnlyForDeploymentPostprocessing = 0;
		};
/* End PBXSourcesBuildPhase section */

/* Begin PBXVariantGroup section */
		B0EE84BD24BC1A9D001709BA /* Main.storyboard */ = {
			isa = PBXVariantGroup;
			children = (
				B0EE84BE24BC1A9D001709BA /* Base */,
			);
			name = Main.storyboard;
			sourceTree = "<group>";
		};
		B0EE84C524BC1A9E001709BA /* LaunchScreen.storyboard */ = {
			isa = PBXVariantGroup;
			children = (
				B0EE84C624BC1A9E001709BA /* Base */,
			);
			name = LaunchScreen.storyboard;
			sourceTree = "<group>";
		};
/* End PBXVariantGroup section */

/* Begin XCBuildConfiguration section */
		B0EE84C924BC1A9E001709BA /* Debug */ = {
			isa = XCBuildConfiguration;
			buildSettings = {
				ALWAYS_SEARCH_USER_PATHS = NO;
				CLANG_ANALYZER_NONNULL = YES;
				CLANG_ANALYZER_NUMBER_OBJECT_CONVERSION = YES_AGGRESSIVE;
				CLANG_CXX_LANGUAGE_STANDARD = "gnu++14";
				CLANG_CXX_LIBRARY = "libc++";
				CLANG_ENABLE_MODULES = YES;
				CLANG_ENABLE_OBJC_ARC = YES;
				CLANG_ENABLE_OBJC_WEAK = YES;
				CLANG_WARN_BLOCK_CAPTURE_AUTORELEASING = YES;
				CLANG_WARN_BOOL_CONVERSION = YES;
				CLANG_WARN_COMMA = YES;
				CLANG_WARN_CONSTANT_CONVERSION = YES;
				CLANG_WARN_DEPRECATED_OBJC_IMPLEMENTATIONS = YES;
				CLANG_WARN_DIRECT_OBJC_ISA_USAGE = YES_ERROR;
				CLANG_WARN_DOCUMENTATION_COMMENTS = YES;
				CLANG_WARN_EMPTY_BODY = YES;
				CLANG_WARN_ENUM_CONVERSION = YES;
				CLANG_WARN_INFINITE_RECURSION = YES;
				CLANG_WARN_INT_CONVERSION = YES;
				CLANG_WARN_NON_LITERAL_NULL_CONVERSION = YES;
				CLANG_WARN_OBJC_IMPLICIT_RETAIN_SELF = YES;
				CLANG_WARN_OBJC_LITERAL_CONVERSION = YES;
				CLANG_WARN_OBJC_ROOT_CLASS = YES_ERROR;
				CLANG_WARN_RANGE_LOOP_ANALYSIS = YES;
				CLANG_WARN_STRICT_PROTOTYPES = YES;
				CLANG_WARN_SUSPICIOUS_MOVE = YES;
				CLANG_WARN_UNGUARDED_AVAILABILITY = YES_AGGRESSIVE;
				CLANG_WARN_UNREACHABLE_CODE = YES;
				CLANG_WARN__DUPLICATE_METHOD_MATCH = YES;
				COPY_PHASE_STRIP = NO;
				DEBUG_INFORMATION_FORMAT = dwarf;
				ENABLE_STRICT_OBJC_MSGSEND = YES;
				ENABLE_TESTABILITY = YES;
				GCC_C_LANGUAGE_STANDARD = gnu11;
				GCC_DYNAMIC_NO_PIC = NO;
				GCC_NO_COMMON_BLOCKS = YES;
				GCC_OPTIMIZATION_LEVEL = 0;
				GCC_PREPROCESSOR_DEFINITIONS = (
					"DEBUG=1",
					"$(inherited)",
				);
				GCC_WARN_64_TO_32_BIT_CONVERSION = YES;
				GCC_WARN_ABOUT_RETURN_TYPE = YES_ERROR;
				GCC_WARN_UNDECLARED_SELECTOR = YES;
				GCC_WARN_UNINITIALIZED_AUTOS = YES_AGGRESSIVE;
				GCC_WARN_UNUSED_FUNCTION = YES;
				GCC_WARN_UNUSED_VARIABLE = YES;
				IPHONEOS_DEPLOYMENT_TARGET = 13.4;
				MTL_ENABLE_DEBUG_INFO = INCLUDE_SOURCE;
				MTL_FAST_MATH = YES;
				ONLY_ACTIVE_ARCH = YES;
				SDKROOT = iphoneos;
				SWIFT_ACTIVE_COMPILATION_CONDITIONS = DEBUG;
				SWIFT_OPTIMIZATION_LEVEL = "-Onone";
			};
			name = Debug;
		};
		B0EE84CA24BC1A9E001709BA /* Release */ = {
			isa = XCBuildConfiguration;
			buildSettings = {
				ALWAYS_SEARCH_USER_PATHS = NO;
				CLANG_ANALYZER_NONNULL = YES;
				CLANG_ANALYZER_NUMBER_OBJECT_CONVERSION = YES_AGGRESSIVE;
				CLANG_CXX_LANGUAGE_STANDARD = "gnu++14";
				CLANG_CXX_LIBRARY = "libc++";
				CLANG_ENABLE_MODULES = YES;
				CLANG_ENABLE_OBJC_ARC = YES;
				CLANG_ENABLE_OBJC_WEAK = YES;
				CLANG_WARN_BLOCK_CAPTURE_AUTORELEASING = YES;
				CLANG_WARN_BOOL_CONVERSION = YES;
				CLANG_WARN_COMMA = YES;
				CLANG_WARN_CONSTANT_CONVERSION = YES;
				CLANG_WARN_DEPRECATED_OBJC_IMPLEMENTATIONS = YES;
				CLANG_WARN_DIRECT_OBJC_ISA_USAGE = YES_ERROR;
				CLANG_WARN_DOCUMENTATION_COMMENTS = YES;
				CLANG_WARN_EMPTY_BODY = YES;
				CLANG_WARN_ENUM_CONVERSION = YES;
				CLANG_WARN_INFINITE_RECURSION = YES;
				CLANG_WARN_INT_CONVERSION = YES;
				CLANG_WARN_NON_LITERAL_NULL_CONVERSION = YES;
				CLANG_WARN_OBJC_IMPLICIT_RETAIN_SELF = YES;
				CLANG_WARN_OBJC_LITERAL_CONVERSION = YES;
				CLANG_WARN_OBJC_ROOT_CLASS = YES_ERROR;
				CLANG_WARN_RANGE_LOOP_ANALYSIS = YES;
				CLANG_WARN_STRICT_PROTOTYPES = YES;
				CLANG_WARN_SUSPICIOUS_MOVE = YES;
				CLANG_WARN_UNGUARDED_AVAILABILITY = YES_AGGRESSIVE;
				CLANG_WARN_UNREACHABLE_CODE = YES;
				CLANG_WARN__DUPLICATE_METHOD_MATCH = YES;
				COPY_PHASE_STRIP = NO;
				DEBUG_INFORMATION_FORMAT = "dwarf-with-dsym";
				ENABLE_NS_ASSERTIONS = NO;
				ENABLE_STRICT_OBJC_MSGSEND = YES;
				GCC_C_LANGUAGE_STANDARD = gnu11;
				GCC_NO_COMMON_BLOCKS = YES;
				GCC_WARN_64_TO_32_BIT_CONVERSION = YES;
				GCC_WARN_ABOUT_RETURN_TYPE = YES_ERROR;
				GCC_WARN_UNDECLARED_SELECTOR = YES;
				GCC_WARN_UNINITIALIZED_AUTOS = YES_AGGRESSIVE;
				GCC_WARN_UNUSED_FUNCTION = YES;
				GCC_WARN_UNUSED_VARIABLE = YES;
				IPHONEOS_DEPLOYMENT_TARGET = 13.4;
				MTL_ENABLE_DEBUG_INFO = NO;
				MTL_FAST_MATH = YES;
				SDKROOT = iphoneos;
				SWIFT_COMPILATION_MODE = wholemodule;
				SWIFT_OPTIMIZATION_LEVEL = "-O";
				VALIDATE_PRODUCT = YES;
			};
			name = Release;
		};
		B0EE84CC24BC1A9E001709BA /* Debug */ = {
			isa = XCBuildConfiguration;
			baseConfigurationReference = 4431CC07C5C74F6182FCF809 /* Pods-ArtScreen.debug.xcconfig */;
			buildSettings = {
				ASSETCATALOG_COMPILER_APPICON_NAME = AppIcon;
				CODE_SIGN_STYLE = Automatic;
				DEVELOPMENT_TEAM = AAS7AUXM3X;
				INFOPLIST_FILE = ArtScreen/Info.plist;
				LD_RUNPATH_SEARCH_PATHS = (
					"$(inherited)",
					"@executable_path/Frameworks",
				);
				PRODUCT_BUNDLE_IDENTIFIER = jp.ac.jec.weng.heng.ArtScreen;
				PRODUCT_NAME = "$(TARGET_NAME)";
				SWIFT_VERSION = 5.0;
				TARGETED_DEVICE_FAMILY = "1,2";
			};
			name = Debug;
		};
		B0EE84CD24BC1A9E001709BA /* Release */ = {
			isa = XCBuildConfiguration;
			baseConfigurationReference = 838E9F3813961616C9602E7D /* Pods-ArtScreen.release.xcconfig */;
			buildSettings = {
				ASSETCATALOG_COMPILER_APPICON_NAME = AppIcon;
				CODE_SIGN_STYLE = Automatic;
				DEVELOPMENT_TEAM = AAS7AUXM3X;
				INFOPLIST_FILE = ArtScreen/Info.plist;
				LD_RUNPATH_SEARCH_PATHS = (
					"$(inherited)",
					"@executable_path/Frameworks",
				);
				PRODUCT_BUNDLE_IDENTIFIER = jp.ac.jec.weng.heng.ArtScreen;
				PRODUCT_NAME = "$(TARGET_NAME)";
				SWIFT_VERSION = 5.0;
				TARGETED_DEVICE_FAMILY = "1,2";
			};
			name = Release;
		};
/* End XCBuildConfiguration section */

/* Begin XCConfigurationList section */
		B0EE84AF24BC1A9D001709BA /* Build configuration list for PBXProject "ArtScreen" */ = {
			isa = XCConfigurationList;
			buildConfigurations = (
				B0EE84C924BC1A9E001709BA /* Debug */,
				B0EE84CA24BC1A9E001709BA /* Release */,
			);
			defaultConfigurationIsVisible = 0;
			defaultConfigurationName = Release;
		};
		B0EE84CB24BC1A9E001709BA /* Build configuration list for PBXNativeTarget "ArtScreen" */ = {
			isa = XCConfigurationList;
			buildConfigurations = (
				B0EE84CC24BC1A9E001709BA /* Debug */,
				B0EE84CD24BC1A9E001709BA /* Release */,
			);
			defaultConfigurationIsVisible = 0;
			defaultConfigurationName = Release;
		};
/* End XCConfigurationList section */

/* Begin XCVersionGroup section */
		B0EE84C024BC1A9D001709BA /* ArtScreen.xcdatamodeld */ = {
			isa = XCVersionGroup;
			children = (
				B0EE84C124BC1A9D001709BA /* ArtScreen.xcdatamodel */,
			);
			currentVersion = B0EE84C124BC1A9D001709BA /* ArtScreen.xcdatamodel */;
			path = ArtScreen.xcdatamodeld;
			sourceTree = "<group>";
			versionGroupType = wrapper.xcdatamodel;
		};
/* End XCVersionGroup section */
	};
	rootObject = B0EE84AC24BC1A9D001709BA /* Project object */;
}
